
Microsoft Visual Studio Solution File, Format Version 12.00
# Visual Studio Version 18
VisualStudioVersion = 18.0.11205.157
MinimumVisualStudioVersion = 10.0.40219.1
Project("{2150E333-8FDC-42A3-9474-1A3956D46DE8}") = "src", "src", "{D9CBA4DC-80FB-4594-946A-BA50D39C55C1}"
EndProject
Project("{2150E333-8FDC-42A3-9474-1A3956D46DE8}") = "test", "test", "{72862B1A-7605-4018-9660-BAFD454C7FC4}"
EndProject
Project("{2150E333-8FDC-42A3-9474-1A3956D46DE8}") = "Modules", "Modules", "{1B1B8D7B-5907-47C6-82B3-E238EDCEC715}"
EndProject
Project("{2150E333-8FDC-42A3-9474-1A3956D46DE8}") = "Shared", "Shared", "{EC5A77F5-6BB1-4E93-A5D8-8A676E2DF829}"
EndProject
Project("{2150E333-8FDC-42A3-9474-1A3956D46DE8}") = "Modules", "Modules", "{7D04E1AA-5B1D-48A1-80B5-972BD1ABA54C}"
EndProject
Project("{2150E333-8FDC-42A3-9474-1A3956D46DE8}") = "Shared", "Shared", "{F0856D11-53E0-4C7E-A3D4-44FE1A93D71A}"
EndProject
Project("{2150E333-8FDC-42A3-9474-1A3956D46DE8}") = "Presentation", "Presentation", "{6BD64009-AF6A-4CFE-9B7E-5029F64050C3}"
EndProject
Project("{9A19103F-16F7-4668-BE54-9A1E7A4F7556}") = "Senswave.Api", "src\Presentation\Senswave.Presentation.Api\Senswave.Api.csproj", "{524CEB11-5811-4052-9B84-82B7868475BF}"
EndProject
Project("{9A19103F-16F7-4668-BE54-9A1E7A4F7556}") = "Senswave.Abstractions", "src\Shared\Senswave.Abstractions\Senswave.Abstractions.csproj", "{D5A928ED-10F1-4D76-853B-99EFDA35AC4B}"
EndProject
Project("{9A19103F-16F7-4668-BE54-9A1E7A4F7556}") = "Senswave.Infrastructure", "src\Shared\Senswave.Infrastructure\Senswave.Infrastructure.csproj", "{74A0A19F-6892-4367-B2E3-B1070F655A9E}"
EndProject
Project("{2150E333-8FDC-42A3-9474-1A3956D46DE8}") = "Users", "Users", "{DCF9BDE2-893D-460E-A6ED-9D7B3F85012A}"
EndProject
Project("{2150E333-8FDC-42A3-9474-1A3956D46DE8}") = "Homes", "Homes", "{5EC84FC4-6475-46C8-8B09-9511DA8FC005}"
EndProject
Project("{2150E333-8FDC-42A3-9474-1A3956D46DE8}") = "Devices", "Devices", "{EF3E6655-99E4-4D74-902A-5646FF63273E}"
EndProject
Project("{2150E333-8FDC-42A3-9474-1A3956D46DE8}") = "Automations", "Automations", "{82BDDE65-D15B-4A36-99C8-50E86CA51145}"
EndProject
Project("{9A19103F-16F7-4668-BE54-9A1E7A4F7556}") = "Senswave.Users.Api", "src\Modules\Users\Senswave.Users.Api\Senswave.Users.Api.csproj", "{BF272D00-9822-476A-B9B0-F115AC3B31CD}"
EndProject
Project("{9A19103F-16F7-4668-BE54-9A1E7A4F7556}") = "Senswave.Users.Domain", "src\Modules\Users\Senswave.Users.Domain\Senswave.Users.Domain.csproj", "{2A3F9DF2-5713-417A-BA43-C118112C6EF9}"
EndProject
Project("{9A19103F-16F7-4668-BE54-9A1E7A4F7556}") = "Senswave.Homes.Application", "src\Modules\Homes\Senswave.Homes.Application\Senswave.Homes.Application.csproj", "{500C84FD-EC7B-40FB-A28B-2BCBA4E5A826}"
EndProject
Project("{9A19103F-16F7-4668-BE54-9A1E7A4F7556}") = "Senswave.Homes.Domain", "src\Modules\Homes\Senswave.Homes.Domain\Senswave.Homes.Domain.csproj", "{13E567C9-4B98-4920-A765-56D317828B3B}"
EndProject
Project("{9A19103F-16F7-4668-BE54-9A1E7A4F7556}") = "Senswave.Homes.Infrastructure", "src\Modules\Homes\Senswave.Homes.Infrastructure\Senswave.Homes.Infrastructure.csproj", "{8D7E7E52-0D23-4EDC-96C5-9830F9C80CC7}"
EndProject
Project("{2150E333-8FDC-42A3-9474-1A3956D46DE8}") = "Solution Items", "Solution Items", "{93FB904F-94DF-4F6E-9C24-6A2E28E1F2D8}"
	ProjectSection(SolutionItems) = preProject
		.editorconfig = .editorconfig
		Directory.Packages.props = Directory.Packages.props
		global.json = global.json
		README.md = README.md
	EndProjectSection
EndProject
Project("{2150E333-8FDC-42A3-9474-1A3956D46DE8}") = "DataSource", "DataSource", "{FC032835-C30E-4D7D-9BAD-6F7E7BC0B964}"
EndProject
Project("{9A19103F-16F7-4668-BE54-9A1E7A4F7556}") = "Senswave.TestInfrastructure", "test\Shared\Senswave.TestInfrastructure\Senswave.TestInfrastructure.csproj", "{3466BD46-03D9-4ACE-81DE-DC28D5650716}"
EndProject
Project("{9A19103F-16F7-4668-BE54-9A1E7A4F7556}") = "Senswave.DataSources.IntegrationTests", "test\Modules\DataSources\Senswave.DataSources.IntegrationTests\Senswave.DataSources.IntegrationTests.csproj", "{2F29F0BB-BB1C-4FCA-A64A-0F0AAB96DFC5}"
EndProject
Project("{9A19103F-16F7-4668-BE54-9A1E7A4F7556}") = "Senswave.DataSources.EndTests", "test\Modules\DataSources\Senswave.DataSources.EndTests\Senswave.DataSources.EndTests.csproj", "{BCD386F4-307A-4B5B-9BD0-A5716D261B2D}"
EndProject
Project("{2150E333-8FDC-42A3-9474-1A3956D46DE8}") = "DataSources", "DataSources", "{4DFE8281-47A1-47A9-A265-FDF5688C3278}"
EndProject
Project("{9A19103F-16F7-4668-BE54-9A1E7A4F7556}") = "Senswave.DataSources.UnitTests", "test\Modules\DataSources\Senswave.DataSources.UnitTests\Senswave.DataSources.UnitTests.csproj", "{9AEB6390-B4F1-48B8-9B23-E6D81B4E1ADC}"
EndProject
Project("{9A19103F-16F7-4668-BE54-9A1E7A4F7556}") = "Senswave.DataSources.Infrastructure", "src\Modules\DataSource\Senswave.DataSources.Infrastructure\Senswave.DataSources.Infrastructure.csproj", "{314016D8-7D08-4360-99B3-63E100FEC44C}"
EndProject
Project("{9A19103F-16F7-4668-BE54-9A1E7A4F7556}") = "Senswave.DataSources.Domain", "src\Modules\DataSource\Senswave.DataSources.Domain\Senswave.DataSources.Domain.csproj", "{EA0FD0D5-2CC0-4400-A68A-CCF9D1E7938B}"
EndProject
Project("{9A19103F-16F7-4668-BE54-9A1E7A4F7556}") = "Senswave.DataSources.Application", "src\Modules\DataSource\Senswave.DataSources.Application\Senswave.DataSources.Application.csproj", "{743359E1-CDBC-4E23-9BF8-FA1C4952191C}"
EndProject
Project("{9A19103F-16F7-4668-BE54-9A1E7A4F7556}") = "Senswave.DataSources.Api", "src\Modules\DataSource\Senswave.DataSources.Api\Senswave.DataSources.Api.csproj", "{993DCA5C-B660-48A3-952E-09734E5CA98F}"
EndProject
Project("{9A19103F-16F7-4668-BE54-9A1E7A4F7556}") = "Senswave.Integration", "src\Shared\Senswave.Integration\Senswave.Integration.csproj", "{AE48CD74-A34A-4532-AEDD-1A748460B044}"
EndProject
Project("{9A19103F-16F7-4668-BE54-9A1E7A4F7556}") = "Senswave.Devices.Domain", "src\Modules\Devices\Senswave.Devices.Domain\Senswave.Devices.Domain.csproj", "{E03D40FC-9302-48B6-B414-63AC5372A0FF}"
EndProject
Project("{9A19103F-16F7-4668-BE54-9A1E7A4F7556}") = "Senswave.Devices.Application", "src\Modules\Devices\Senswave.Devices.Application\Senswave.Devices.Application.csproj", "{04017741-45CA-4F66-BA0D-D5C07ED10B02}"
EndProject
Project("{9A19103F-16F7-4668-BE54-9A1E7A4F7556}") = "Senswave.Devices.Infrastructure", "src\Modules\Devices\Senswave.Devices.Infrastructure\Senswave.Devices.Infrastructure.csproj", "{C06C2C4E-1D50-48DE-9DCE-F485D9253811}"
EndProject
Project("{9A19103F-16F7-4668-BE54-9A1E7A4F7556}") = "Senswave.Devices.Api", "src\Modules\Devices\Senswave.Devices.Api\Senswave.Devices.Api.csproj", "{6252A044-26EC-4C27-9249-F3B8EE91E748}"
EndProject
Project("{2150E333-8FDC-42A3-9474-1A3956D46DE8}") = "Devices", "Devices", "{C3E6BFA5-15C9-43E0-A98F-E49200FB7BE7}"
EndProject
Project("{9A19103F-16F7-4668-BE54-9A1E7A4F7556}") = "Senswave.Devices.EndTests", "test\Modules\Devices\Senswave.Devices.EndTests\Senswave.Devices.EndTests.csproj", "{E629B207-051E-425D-BE3B-686B3477852D}"
EndProject
Project("{9A19103F-16F7-4668-BE54-9A1E7A4F7556}") = "Senswave.Devices.IntegrationTests", "test\Modules\Devices\Senswave.Devices.IntegrationTests\Senswave.Devices.IntegrationTests.csproj", "{BD5AE28B-2E97-403A-A67F-9DE1D53517C3}"
EndProject
Project("{9A19103F-16F7-4668-BE54-9A1E7A4F7556}") = "Senswave.Devices.UnitTests", "test\Modules\Devices\Senswave.Devices.UnitTests\Senswave.Devices.UnitTests.csproj", "{A2E1BC89-0E2F-4D0A-A4F3-96E5B681852D}"
EndProject
Project("{9A19103F-16F7-4668-BE54-9A1E7A4F7556}") = "Senswave.Homes.Api", "src\Modules\Homes\Senswave.Homes.Api\Senswave.Homes.Api.csproj", "{E129FC94-3B27-47AA-A301-F3351A6075CE}"
EndProject
Project("{2150E333-8FDC-42A3-9474-1A3956D46DE8}") = "Homes", "Homes", "{5F1D6864-E7C5-462F-A832-16B8F0169185}"
EndProject
Project("{9A19103F-16F7-4668-BE54-9A1E7A4F7556}") = "Senswave.ArchitectureTests", "test\Shared\Senswave.ArchitectureTests\Senswave.ArchitectureTests.csproj", "{35F0D0FE-79E4-45F0-B375-17A4FB8EF970}"
EndProject
Project("{9A19103F-16F7-4668-BE54-9A1E7A4F7556}") = "Senswave.Users.Infrastructure", "src\Modules\Users\Senswave.Users.Infrastructure\Senswave.Users.Infrastructure.csproj", "{856AFDBE-BB85-4163-8A12-74F4A8D2DD82}"
EndProject
Project("{9A19103F-16F7-4668-BE54-9A1E7A4F7556}") = "Senswave.Users.Application", "src\Modules\Users\Senswave.Users.Application\Senswave.Users.Application.csproj", "{F4685C03-36AB-4C48-8FFE-AD0A3097B5E9}"
EndProject
Project("{2150E333-8FDC-42A3-9474-1A3956D46DE8}") = "LiveUpdates", "LiveUpdates", "{0A839A10-DE7B-4D77-B301-9F10BB1EB578}"
EndProject
Project("{2150E333-8FDC-42A3-9474-1A3956D46DE8}") = "LiveUpdates", "LiveUpdates", "{5381FD9D-51FA-476E-A5C6-2C994EFC1120}"
EndProject
Project("{9A19103F-16F7-4668-BE54-9A1E7A4F7556}") = "Senswave.LiveUpdates.EndTests", "test\Modules\LiveUpdates\Senswave.LiveUpdates.EndTests\Senswave.LiveUpdates.EndTests.csproj", "{C58B0867-E973-4489-AAE2-C2971D65B9CD}"
EndProject
Project("{9A19103F-16F7-4668-BE54-9A1E7A4F7556}") = "Senswave.Automations.Application", "src\Modules\Automations\Senswave.Automations.Application\Senswave.Automations.Application.csproj", "{B03CC778-720C-4676-A059-2202E03D81ED}"
EndProject
Project("{9A19103F-16F7-4668-BE54-9A1E7A4F7556}") = "Senswave.Automations.Domain", "src\Modules\Automations\Senswave.Automations.Domain\Senswave.Automations.Domain.csproj", "{EE625E4F-14AD-41DF-B2EA-5AFAAAC3C57E}"
EndProject
Project("{9A19103F-16F7-4668-BE54-9A1E7A4F7556}") = "Senswave.Automations.Infrastructure", "src\Modules\Automations\Senswave.Automations.Infrastructure\Senswave.Automations.Infrastructure.csproj", "{5349EB6B-F8F3-428D-B222-C64FFBDC48B6}"
EndProject
Project("{9A19103F-16F7-4668-BE54-9A1E7A4F7556}") = "Senswave.Automations.Api", "src\Modules\Automations\Senswave.Automations.Api\Senswave.Automations.Api.csproj", "{E233E76D-63AC-40C3-8283-CE91B266DA37}"
EndProject
Project("{2150E333-8FDC-42A3-9474-1A3956D46DE8}") = "Automations", "Automations", "{D9FD10F1-2AEE-40BF-A8B7-C05F40B6D7CB}"
EndProject
Project("{9A19103F-16F7-4668-BE54-9A1E7A4F7556}") = "Senswave.Automations.EndTests", "test\Modules\Automations\Senswave.Automations.EndTests\Senswave.Automations.EndTests.csproj", "{B2121E0E-A52F-4CE8-92D4-E264273E61FD}"
EndProject
Project("{9A19103F-16F7-4668-BE54-9A1E7A4F7556}") = "Senswave.Homes.EndTests", "test\Modules\Homes\Senswave.Homes.EndTests\Senswave.Homes.EndTests.csproj", "{61FEE57E-62FC-4F50-9B4A-A37E6247B712}"
EndProject
Project("{2150E333-8FDC-42A3-9474-1A3956D46DE8}") = "Users", "Users", "{51AAD020-7A5A-41FA-8FDC-3779F27EEAF4}"
EndProject
Project("{9A19103F-16F7-4668-BE54-9A1E7A4F7556}") = "Senswave.Users.EndTests", "test\Modules\Users\Senswave.Users.EndTests\Senswave.Users.EndTests.csproj", "{1A79C980-5B50-4AD0-BBCE-BCAD77AD3DD4}"
EndProject
Project("{9A19103F-16F7-4668-BE54-9A1E7A4F7556}") = "Senswave.DataSources.BrokerConnection", "src\Modules\DataSource\Senswave.DataSources.BrokerConnection\Senswave.DataSources.BrokerConnection.csproj", "{80DC5F7B-4419-45E9-9F57-1E74892C1FE5}"
EndProject
Project("{2150E333-8FDC-42A3-9474-1A3956D46DE8}") = "docker", "docker", "{ECFF567B-D15F-4EEF-9408-5244BF946435}"
	ProjectSection(SolutionItems) = preProject
		docker\.env = docker\.env
		docker\.env.template = docker\.env.template
		docker\.env.template.https = docker\.env.template.https
		docker\docker-compose.yml = docker\docker-compose.yml
		docker\README.md = docker\README.md
	EndProjectSection
EndProject
Project("{2150E333-8FDC-42A3-9474-1A3956D46DE8}") = "workflows", "workflows", "{4725E19F-9340-4ECD-A7C0-E10C0351775C}"
	ProjectSection(SolutionItems) = preProject
		.github\workflows\dev-tests.yaml = .github\workflows\dev-tests.yaml
		.github\workflows\prod-deploy.yml = .github\workflows\prod-deploy.yml
		.github\workflows\staging-deploy.yml = .github\workflows\staging-deploy.yml
	EndProjectSection
EndProject
Project("{9A19103F-16F7-4668-BE54-9A1E7A4F7556}") = "Senswave.Homes.IntegrationTests", "test\Modules\Homes\Senswave.Homes.IntegrationTests\Senswave.Homes.IntegrationTests.csproj", "{FDCB58DC-D4BC-481E-958B-35ADB2219866}"
EndProject
Project("{9A19103F-16F7-4668-BE54-9A1E7A4F7556}") = "Senswave.Homes.UnitTests", "test\Modules\Homes\Senswave.Homes.UnitTests\Senswave.Homes.UnitTests.csproj", "{280294F2-65B0-47B4-BD44-BC7F8B128DDC}"
EndProject
Project("{9A19103F-16F7-4668-BE54-9A1E7A4F7556}") = "Senswave.Automations.UnitTests", "test\Modules\Automations\Senswave.Automations.UnitTests\Senswave.Automations.UnitTests.csproj", "{35EABE5A-E9C6-478E-BE5E-AB46C5A8EC91}"
EndProject
Project("{9A19103F-16F7-4668-BE54-9A1E7A4F7556}") = "Senswave.LiveUpdates.Api", "src\Modules\LiveUpdate\Senswave.LiveUpdates.Api\Senswave.LiveUpdates.Api.csproj", "{401C4D7B-5212-494E-B96B-1794AC3ECF7D}"
EndProject
Project("{FAE04EC0-301F-11D3-BF4B-00C04F79EFBC}") = "Senswave.Presentation.Seed", "src\Presentation\Senswave.Presentation.Seed\Senswave.Presentation.Seed.csproj", "{34A8915D-3AEB-4172-9467-65357EBAE9BE}"
EndProject
Project("{2150E333-8FDC-42A3-9474-1A3956D46DE8}") = "Presentation", "Presentation", "{E81DAAAE-6564-4B29-AF0F-1C326D50B513}"
EndProject
Project("{FAE04EC0-301F-11D3-BF4B-00C04F79EFBC}") = "Senswave.Presentation.Api.EndTests", "test\Presentation\Senswave.Api.EndTests\Senswave.Presentation.Api.EndTests\Senswave.Presentation.Api.EndTests.csproj", "{025EED81-BC89-4AB1-9502-FCFCFF16530B}"
EndProject
Project("{FAE04EC0-301F-11D3-BF4B-00C04F79EFBC}") = "Senswave.LiveUpdates.UnitTests", "test\Modules\LiveUpdates\Senswave.LiveUpdates.UnitTests\Senswave.LiveUpdates.UnitTests.csproj", "{D38E9727-682B-4C98-9AEC-BD12C0E7407A}"
EndProject
Project("{FAE04EC0-301F-11D3-BF4B-00C04F79EFBC}") = "Senswave.Modules.EndTests", "test\Modules\Senswave.Modules.EndTests\Senswave.Modules.EndTests.csproj", "{45794A9F-61E3-46D6-B849-1C13248C7E54}"
EndProject
Project("{FAE04EC0-301F-11D3-BF4B-00C04F79EFBC}") = "Senswave.Infrastructure.Web", "src\Shared\Senswave.Infrastructure.Web\Senswave.Infrastructure.Web.csproj", "{C1F63AFA-1DFC-4D83-9335-978D0D84AA43}"
EndProject
Project("{FAE04EC0-301F-11D3-BF4B-00C04F79EFBC}") = "Senswave.Users.UnitTests", "test\Modules\Users\Senswave.Users.UnitTests\Senswave.Users.UnitTests.csproj", "{A0A43F53-7361-44C8-8DCC-1B1AC44499C6}"
EndProject
Project("{FAE04EC0-301F-11D3-BF4B-00C04F79EFBC}") = "Senswave.Presentation.DataSource.Worker", "src\Presentation\Senswave.Presentation.DataSource.Worker\Senswave.Presentation.DataSource.Worker.csproj", "{20766625-4C10-4BF1-B455-9C0FD8DAF74F}"
EndProject
Project("{FAE04EC0-301F-11D3-BF4B-00C04F79EFBC}") = "Senswave.Contracts", "src\Shared\Senswave.Contracts\Senswave.Contracts.csproj", "{ABCB1385-8EDA-4A1B-9566-81682F5E9C61}"
EndProject
Global
	GlobalSection(SolutionConfigurationPlatforms) = preSolution
		Debug|Any CPU = Debug|Any CPU
		Release|Any CPU = Release|Any CPU
		Tests|Any CPU = Tests|Any CPU
	EndGlobalSection
	GlobalSection(ProjectConfigurationPlatforms) = postSolution
		{524CEB11-5811-4052-9B84-82B7868475BF}.Debug|Any CPU.ActiveCfg = Debug|Any CPU
		{524CEB11-5811-4052-9B84-82B7868475BF}.Debug|Any CPU.Build.0 = Debug|Any CPU
		{524CEB11-5811-4052-9B84-82B7868475BF}.Release|Any CPU.ActiveCfg = Release|Any CPU
		{524CEB11-5811-4052-9B84-82B7868475BF}.Release|Any CPU.Build.0 = Release|Any CPU
		{524CEB11-5811-4052-9B84-82B7868475BF}.Tests|Any CPU.ActiveCfg = Tests|Any CPU
		{524CEB11-5811-4052-9B84-82B7868475BF}.Tests|Any CPU.Build.0 = Tests|Any CPU
		{D5A928ED-10F1-4D76-853B-99EFDA35AC4B}.Debug|Any CPU.ActiveCfg = Debug|Any CPU
		{D5A928ED-10F1-4D76-853B-99EFDA35AC4B}.Debug|Any CPU.Build.0 = Debug|Any CPU
		{D5A928ED-10F1-4D76-853B-99EFDA35AC4B}.Release|Any CPU.ActiveCfg = Release|Any CPU
		{D5A928ED-10F1-4D76-853B-99EFDA35AC4B}.Release|Any CPU.Build.0 = Release|Any CPU
		{D5A928ED-10F1-4D76-853B-99EFDA35AC4B}.Tests|Any CPU.ActiveCfg = Tests|Any CPU
		{D5A928ED-10F1-4D76-853B-99EFDA35AC4B}.Tests|Any CPU.Build.0 = Tests|Any CPU
		{74A0A19F-6892-4367-B2E3-B1070F655A9E}.Debug|Any CPU.ActiveCfg = Debug|Any CPU
		{74A0A19F-6892-4367-B2E3-B1070F655A9E}.Debug|Any CPU.Build.0 = Debug|Any CPU
		{74A0A19F-6892-4367-B2E3-B1070F655A9E}.Release|Any CPU.ActiveCfg = Release|Any CPU
		{74A0A19F-6892-4367-B2E3-B1070F655A9E}.Release|Any CPU.Build.0 = Release|Any CPU
		{74A0A19F-6892-4367-B2E3-B1070F655A9E}.Tests|Any CPU.ActiveCfg = Tests|Any CPU
		{74A0A19F-6892-4367-B2E3-B1070F655A9E}.Tests|Any CPU.Build.0 = Tests|Any CPU
		{BF272D00-9822-476A-B9B0-F115AC3B31CD}.Debug|Any CPU.ActiveCfg = Debug|Any CPU
		{BF272D00-9822-476A-B9B0-F115AC3B31CD}.Debug|Any CPU.Build.0 = Debug|Any CPU
		{BF272D00-9822-476A-B9B0-F115AC3B31CD}.Release|Any CPU.ActiveCfg = Release|Any CPU
		{BF272D00-9822-476A-B9B0-F115AC3B31CD}.Release|Any CPU.Build.0 = Release|Any CPU
		{BF272D00-9822-476A-B9B0-F115AC3B31CD}.Tests|Any CPU.ActiveCfg = Tests|Any CPU
		{BF272D00-9822-476A-B9B0-F115AC3B31CD}.Tests|Any CPU.Build.0 = Tests|Any CPU
		{2A3F9DF2-5713-417A-BA43-C118112C6EF9}.Debug|Any CPU.ActiveCfg = Debug|Any CPU
		{2A3F9DF2-5713-417A-BA43-C118112C6EF9}.Debug|Any CPU.Build.0 = Debug|Any CPU
		{2A3F9DF2-5713-417A-BA43-C118112C6EF9}.Release|Any CPU.ActiveCfg = Release|Any CPU
		{2A3F9DF2-5713-417A-BA43-C118112C6EF9}.Release|Any CPU.Build.0 = Release|Any CPU
		{2A3F9DF2-5713-417A-BA43-C118112C6EF9}.Tests|Any CPU.ActiveCfg = Tests|Any CPU
		{2A3F9DF2-5713-417A-BA43-C118112C6EF9}.Tests|Any CPU.Build.0 = Tests|Any CPU
		{500C84FD-EC7B-40FB-A28B-2BCBA4E5A826}.Debug|Any CPU.ActiveCfg = Debug|Any CPU
		{500C84FD-EC7B-40FB-A28B-2BCBA4E5A826}.Debug|Any CPU.Build.0 = Debug|Any CPU
		{500C84FD-EC7B-40FB-A28B-2BCBA4E5A826}.Release|Any CPU.ActiveCfg = Release|Any CPU
		{500C84FD-EC7B-40FB-A28B-2BCBA4E5A826}.Release|Any CPU.Build.0 = Release|Any CPU
		{500C84FD-EC7B-40FB-A28B-2BCBA4E5A826}.Tests|Any CPU.ActiveCfg = Tests|Any CPU
		{500C84FD-EC7B-40FB-A28B-2BCBA4E5A826}.Tests|Any CPU.Build.0 = Tests|Any CPU
		{13E567C9-4B98-4920-A765-56D317828B3B}.Debug|Any CPU.ActiveCfg = Debug|Any CPU
		{13E567C9-4B98-4920-A765-56D317828B3B}.Debug|Any CPU.Build.0 = Debug|Any CPU
		{13E567C9-4B98-4920-A765-56D317828B3B}.Release|Any CPU.ActiveCfg = Release|Any CPU
		{13E567C9-4B98-4920-A765-56D317828B3B}.Release|Any CPU.Build.0 = Release|Any CPU
		{13E567C9-4B98-4920-A765-56D317828B3B}.Tests|Any CPU.ActiveCfg = Tests|Any CPU
		{13E567C9-4B98-4920-A765-56D317828B3B}.Tests|Any CPU.Build.0 = Tests|Any CPU
		{8D7E7E52-0D23-4EDC-96C5-9830F9C80CC7}.Debug|Any CPU.ActiveCfg = Debug|Any CPU
		{8D7E7E52-0D23-4EDC-96C5-9830F9C80CC7}.Debug|Any CPU.Build.0 = Debug|Any CPU
		{8D7E7E52-0D23-4EDC-96C5-9830F9C80CC7}.Release|Any CPU.ActiveCfg = Release|Any CPU
		{8D7E7E52-0D23-4EDC-96C5-9830F9C80CC7}.Release|Any CPU.Build.0 = Release|Any CPU
		{8D7E7E52-0D23-4EDC-96C5-9830F9C80CC7}.Tests|Any CPU.ActiveCfg = Tests|Any CPU
		{8D7E7E52-0D23-4EDC-96C5-9830F9C80CC7}.Tests|Any CPU.Build.0 = Tests|Any CPU
		{3466BD46-03D9-4ACE-81DE-DC28D5650716}.Debug|Any CPU.ActiveCfg = Debug|Any CPU
		{3466BD46-03D9-4ACE-81DE-DC28D5650716}.Debug|Any CPU.Build.0 = Debug|Any CPU
		{3466BD46-03D9-4ACE-81DE-DC28D5650716}.Release|Any CPU.ActiveCfg = Release|Any CPU
		{3466BD46-03D9-4ACE-81DE-DC28D5650716}.Release|Any CPU.Build.0 = Release|Any CPU
		{3466BD46-03D9-4ACE-81DE-DC28D5650716}.Tests|Any CPU.ActiveCfg = Tests|Any CPU
		{3466BD46-03D9-4ACE-81DE-DC28D5650716}.Tests|Any CPU.Build.0 = Tests|Any CPU
		{2F29F0BB-BB1C-4FCA-A64A-0F0AAB96DFC5}.Debug|Any CPU.ActiveCfg = Debug|Any CPU
		{2F29F0BB-BB1C-4FCA-A64A-0F0AAB96DFC5}.Debug|Any CPU.Build.0 = Debug|Any CPU
		{2F29F0BB-BB1C-4FCA-A64A-0F0AAB96DFC5}.Release|Any CPU.ActiveCfg = Release|Any CPU
		{2F29F0BB-BB1C-4FCA-A64A-0F0AAB96DFC5}.Release|Any CPU.Build.0 = Release|Any CPU
		{2F29F0BB-BB1C-4FCA-A64A-0F0AAB96DFC5}.Tests|Any CPU.ActiveCfg = Tests|Any CPU
		{2F29F0BB-BB1C-4FCA-A64A-0F0AAB96DFC5}.Tests|Any CPU.Build.0 = Tests|Any CPU
		{BCD386F4-307A-4B5B-9BD0-A5716D261B2D}.Debug|Any CPU.ActiveCfg = Debug|Any CPU
		{BCD386F4-307A-4B5B-9BD0-A5716D261B2D}.Debug|Any CPU.Build.0 = Debug|Any CPU
		{BCD386F4-307A-4B5B-9BD0-A5716D261B2D}.Release|Any CPU.ActiveCfg = Release|Any CPU
		{BCD386F4-307A-4B5B-9BD0-A5716D261B2D}.Release|Any CPU.Build.0 = Release|Any CPU
		{BCD386F4-307A-4B5B-9BD0-A5716D261B2D}.Tests|Any CPU.ActiveCfg = Tests|Any CPU
		{BCD386F4-307A-4B5B-9BD0-A5716D261B2D}.Tests|Any CPU.Build.0 = Tests|Any CPU
		{9AEB6390-B4F1-48B8-9B23-E6D81B4E1ADC}.Debug|Any CPU.ActiveCfg = Debug|Any CPU
		{9AEB6390-B4F1-48B8-9B23-E6D81B4E1ADC}.Debug|Any CPU.Build.0 = Debug|Any CPU
		{9AEB6390-B4F1-48B8-9B23-E6D81B4E1ADC}.Release|Any CPU.ActiveCfg = Release|Any CPU
		{9AEB6390-B4F1-48B8-9B23-E6D81B4E1ADC}.Release|Any CPU.Build.0 = Release|Any CPU
		{9AEB6390-B4F1-48B8-9B23-E6D81B4E1ADC}.Tests|Any CPU.ActiveCfg = Tests|Any CPU
		{9AEB6390-B4F1-48B8-9B23-E6D81B4E1ADC}.Tests|Any CPU.Build.0 = Tests|Any CPU
		{314016D8-7D08-4360-99B3-63E100FEC44C}.Debug|Any CPU.ActiveCfg = Debug|Any CPU
		{314016D8-7D08-4360-99B3-63E100FEC44C}.Debug|Any CPU.Build.0 = Debug|Any CPU
		{314016D8-7D08-4360-99B3-63E100FEC44C}.Release|Any CPU.ActiveCfg = Release|Any CPU
		{314016D8-7D08-4360-99B3-63E100FEC44C}.Release|Any CPU.Build.0 = Release|Any CPU
		{314016D8-7D08-4360-99B3-63E100FEC44C}.Tests|Any CPU.ActiveCfg = Tests|Any CPU
		{314016D8-7D08-4360-99B3-63E100FEC44C}.Tests|Any CPU.Build.0 = Tests|Any CPU
		{EA0FD0D5-2CC0-4400-A68A-CCF9D1E7938B}.Debug|Any CPU.ActiveCfg = Debug|Any CPU
		{EA0FD0D5-2CC0-4400-A68A-CCF9D1E7938B}.Debug|Any CPU.Build.0 = Debug|Any CPU
		{EA0FD0D5-2CC0-4400-A68A-CCF9D1E7938B}.Release|Any CPU.ActiveCfg = Release|Any CPU
		{EA0FD0D5-2CC0-4400-A68A-CCF9D1E7938B}.Release|Any CPU.Build.0 = Release|Any CPU
		{EA0FD0D5-2CC0-4400-A68A-CCF9D1E7938B}.Tests|Any CPU.ActiveCfg = Tests|Any CPU
		{EA0FD0D5-2CC0-4400-A68A-CCF9D1E7938B}.Tests|Any CPU.Build.0 = Tests|Any CPU
		{743359E1-CDBC-4E23-9BF8-FA1C4952191C}.Debug|Any CPU.ActiveCfg = Debug|Any CPU
		{743359E1-CDBC-4E23-9BF8-FA1C4952191C}.Debug|Any CPU.Build.0 = Debug|Any CPU
		{743359E1-CDBC-4E23-9BF8-FA1C4952191C}.Release|Any CPU.ActiveCfg = Release|Any CPU
		{743359E1-CDBC-4E23-9BF8-FA1C4952191C}.Release|Any CPU.Build.0 = Release|Any CPU
		{743359E1-CDBC-4E23-9BF8-FA1C4952191C}.Tests|Any CPU.ActiveCfg = Tests|Any CPU
		{743359E1-CDBC-4E23-9BF8-FA1C4952191C}.Tests|Any CPU.Build.0 = Tests|Any CPU
		{993DCA5C-B660-48A3-952E-09734E5CA98F}.Debug|Any CPU.ActiveCfg = Debug|Any CPU
		{993DCA5C-B660-48A3-952E-09734E5CA98F}.Debug|Any CPU.Build.0 = Debug|Any CPU
		{993DCA5C-B660-48A3-952E-09734E5CA98F}.Release|Any CPU.ActiveCfg = Release|Any CPU
		{993DCA5C-B660-48A3-952E-09734E5CA98F}.Release|Any CPU.Build.0 = Release|Any CPU
		{993DCA5C-B660-48A3-952E-09734E5CA98F}.Tests|Any CPU.ActiveCfg = Tests|Any CPU
		{993DCA5C-B660-48A3-952E-09734E5CA98F}.Tests|Any CPU.Build.0 = Tests|Any CPU
		{AE48CD74-A34A-4532-AEDD-1A748460B044}.Debug|Any CPU.ActiveCfg = Debug|Any CPU
		{AE48CD74-A34A-4532-AEDD-1A748460B044}.Debug|Any CPU.Build.0 = Debug|Any CPU
		{AE48CD74-A34A-4532-AEDD-1A748460B044}.Release|Any CPU.ActiveCfg = Release|Any CPU
		{AE48CD74-A34A-4532-AEDD-1A748460B044}.Release|Any CPU.Build.0 = Release|Any CPU
		{AE48CD74-A34A-4532-AEDD-1A748460B044}.Tests|Any CPU.ActiveCfg = Tests|Any CPU
		{AE48CD74-A34A-4532-AEDD-1A748460B044}.Tests|Any CPU.Build.0 = Tests|Any CPU
		{E03D40FC-9302-48B6-B414-63AC5372A0FF}.Debug|Any CPU.ActiveCfg = Debug|Any CPU
		{E03D40FC-9302-48B6-B414-63AC5372A0FF}.Debug|Any CPU.Build.0 = Debug|Any CPU
		{E03D40FC-9302-48B6-B414-63AC5372A0FF}.Release|Any CPU.ActiveCfg = Release|Any CPU
		{E03D40FC-9302-48B6-B414-63AC5372A0FF}.Release|Any CPU.Build.0 = Release|Any CPU
		{E03D40FC-9302-48B6-B414-63AC5372A0FF}.Tests|Any CPU.ActiveCfg = Tests|Any CPU
		{E03D40FC-9302-48B6-B414-63AC5372A0FF}.Tests|Any CPU.Build.0 = Tests|Any CPU
		{04017741-45CA-4F66-BA0D-D5C07ED10B02}.Debug|Any CPU.ActiveCfg = Debug|Any CPU
		{04017741-45CA-4F66-BA0D-D5C07ED10B02}.Debug|Any CPU.Build.0 = Debug|Any CPU
		{04017741-45CA-4F66-BA0D-D5C07ED10B02}.Release|Any CPU.ActiveCfg = Release|Any CPU
		{04017741-45CA-4F66-BA0D-D5C07ED10B02}.Release|Any CPU.Build.0 = Release|Any CPU
		{04017741-45CA-4F66-BA0D-D5C07ED10B02}.Tests|Any CPU.ActiveCfg = Tests|Any CPU
		{04017741-45CA-4F66-BA0D-D5C07ED10B02}.Tests|Any CPU.Build.0 = Tests|Any CPU
		{C06C2C4E-1D50-48DE-9DCE-F485D9253811}.Debug|Any CPU.ActiveCfg = Debug|Any CPU
		{C06C2C4E-1D50-48DE-9DCE-F485D9253811}.Debug|Any CPU.Build.0 = Debug|Any CPU
		{C06C2C4E-1D50-48DE-9DCE-F485D9253811}.Release|Any CPU.ActiveCfg = Release|Any CPU
		{C06C2C4E-1D50-48DE-9DCE-F485D9253811}.Release|Any CPU.Build.0 = Release|Any CPU
		{C06C2C4E-1D50-48DE-9DCE-F485D9253811}.Tests|Any CPU.ActiveCfg = Tests|Any CPU
		{C06C2C4E-1D50-48DE-9DCE-F485D9253811}.Tests|Any CPU.Build.0 = Tests|Any CPU
		{6252A044-26EC-4C27-9249-F3B8EE91E748}.Debug|Any CPU.ActiveCfg = Debug|Any CPU
		{6252A044-26EC-4C27-9249-F3B8EE91E748}.Debug|Any CPU.Build.0 = Debug|Any CPU
		{6252A044-26EC-4C27-9249-F3B8EE91E748}.Release|Any CPU.ActiveCfg = Release|Any CPU
		{6252A044-26EC-4C27-9249-F3B8EE91E748}.Release|Any CPU.Build.0 = Release|Any CPU
		{6252A044-26EC-4C27-9249-F3B8EE91E748}.Tests|Any CPU.ActiveCfg = Tests|Any CPU
		{6252A044-26EC-4C27-9249-F3B8EE91E748}.Tests|Any CPU.Build.0 = Tests|Any CPU
		{E629B207-051E-425D-BE3B-686B3477852D}.Debug|Any CPU.ActiveCfg = Debug|Any CPU
		{E629B207-051E-425D-BE3B-686B3477852D}.Debug|Any CPU.Build.0 = Debug|Any CPU
		{E629B207-051E-425D-BE3B-686B3477852D}.Release|Any CPU.ActiveCfg = Release|Any CPU
		{E629B207-051E-425D-BE3B-686B3477852D}.Release|Any CPU.Build.0 = Release|Any CPU
		{E629B207-051E-425D-BE3B-686B3477852D}.Tests|Any CPU.ActiveCfg = Tests|Any CPU
		{E629B207-051E-425D-BE3B-686B3477852D}.Tests|Any CPU.Build.0 = Tests|Any CPU
		{BD5AE28B-2E97-403A-A67F-9DE1D53517C3}.Debug|Any CPU.ActiveCfg = Debug|Any CPU
		{BD5AE28B-2E97-403A-A67F-9DE1D53517C3}.Debug|Any CPU.Build.0 = Debug|Any CPU
		{BD5AE28B-2E97-403A-A67F-9DE1D53517C3}.Release|Any CPU.ActiveCfg = Release|Any CPU
		{BD5AE28B-2E97-403A-A67F-9DE1D53517C3}.Release|Any CPU.Build.0 = Release|Any CPU
		{BD5AE28B-2E97-403A-A67F-9DE1D53517C3}.Tests|Any CPU.ActiveCfg = Tests|Any CPU
		{BD5AE28B-2E97-403A-A67F-9DE1D53517C3}.Tests|Any CPU.Build.0 = Tests|Any CPU
		{A2E1BC89-0E2F-4D0A-A4F3-96E5B681852D}.Debug|Any CPU.ActiveCfg = Debug|Any CPU
		{A2E1BC89-0E2F-4D0A-A4F3-96E5B681852D}.Debug|Any CPU.Build.0 = Debug|Any CPU
		{A2E1BC89-0E2F-4D0A-A4F3-96E5B681852D}.Release|Any CPU.ActiveCfg = Release|Any CPU
		{A2E1BC89-0E2F-4D0A-A4F3-96E5B681852D}.Release|Any CPU.Build.0 = Release|Any CPU
		{A2E1BC89-0E2F-4D0A-A4F3-96E5B681852D}.Tests|Any CPU.ActiveCfg = Tests|Any CPU
		{A2E1BC89-0E2F-4D0A-A4F3-96E5B681852D}.Tests|Any CPU.Build.0 = Tests|Any CPU
		{E129FC94-3B27-47AA-A301-F3351A6075CE}.Debug|Any CPU.ActiveCfg = Debug|Any CPU
		{E129FC94-3B27-47AA-A301-F3351A6075CE}.Debug|Any CPU.Build.0 = Debug|Any CPU
		{E129FC94-3B27-47AA-A301-F3351A6075CE}.Release|Any CPU.ActiveCfg = Release|Any CPU
		{E129FC94-3B27-47AA-A301-F3351A6075CE}.Release|Any CPU.Build.0 = Release|Any CPU
		{E129FC94-3B27-47AA-A301-F3351A6075CE}.Tests|Any CPU.ActiveCfg = Tests|Any CPU
		{E129FC94-3B27-47AA-A301-F3351A6075CE}.Tests|Any CPU.Build.0 = Tests|Any CPU
		{35F0D0FE-79E4-45F0-B375-17A4FB8EF970}.Debug|Any CPU.ActiveCfg = Debug|Any CPU
		{35F0D0FE-79E4-45F0-B375-17A4FB8EF970}.Debug|Any CPU.Build.0 = Debug|Any CPU
		{35F0D0FE-79E4-45F0-B375-17A4FB8EF970}.Release|Any CPU.ActiveCfg = Release|Any CPU
		{35F0D0FE-79E4-45F0-B375-17A4FB8EF970}.Release|Any CPU.Build.0 = Release|Any CPU
		{35F0D0FE-79E4-45F0-B375-17A4FB8EF970}.Tests|Any CPU.ActiveCfg = Tests|Any CPU
		{35F0D0FE-79E4-45F0-B375-17A4FB8EF970}.Tests|Any CPU.Build.0 = Tests|Any CPU
		{856AFDBE-BB85-4163-8A12-74F4A8D2DD82}.Debug|Any CPU.ActiveCfg = Debug|Any CPU
		{856AFDBE-BB85-4163-8A12-74F4A8D2DD82}.Debug|Any CPU.Build.0 = Debug|Any CPU
		{856AFDBE-BB85-4163-8A12-74F4A8D2DD82}.Release|Any CPU.ActiveCfg = Release|Any CPU
		{856AFDBE-BB85-4163-8A12-74F4A8D2DD82}.Release|Any CPU.Build.0 = Release|Any CPU
		{856AFDBE-BB85-4163-8A12-74F4A8D2DD82}.Tests|Any CPU.ActiveCfg = Tests|Any CPU
		{856AFDBE-BB85-4163-8A12-74F4A8D2DD82}.Tests|Any CPU.Build.0 = Tests|Any CPU
		{F4685C03-36AB-4C48-8FFE-AD0A3097B5E9}.Debug|Any CPU.ActiveCfg = Debug|Any CPU
		{F4685C03-36AB-4C48-8FFE-AD0A3097B5E9}.Debug|Any CPU.Build.0 = Debug|Any CPU
		{F4685C03-36AB-4C48-8FFE-AD0A3097B5E9}.Release|Any CPU.ActiveCfg = Release|Any CPU
		{F4685C03-36AB-4C48-8FFE-AD0A3097B5E9}.Release|Any CPU.Build.0 = Release|Any CPU
		{F4685C03-36AB-4C48-8FFE-AD0A3097B5E9}.Tests|Any CPU.ActiveCfg = Tests|Any CPU
		{F4685C03-36AB-4C48-8FFE-AD0A3097B5E9}.Tests|Any CPU.Build.0 = Tests|Any CPU
		{C58B0867-E973-4489-AAE2-C2971D65B9CD}.Debug|Any CPU.ActiveCfg = Debug|Any CPU
		{C58B0867-E973-4489-AAE2-C2971D65B9CD}.Debug|Any CPU.Build.0 = Debug|Any CPU
		{C58B0867-E973-4489-AAE2-C2971D65B9CD}.Release|Any CPU.ActiveCfg = Release|Any CPU
		{C58B0867-E973-4489-AAE2-C2971D65B9CD}.Release|Any CPU.Build.0 = Release|Any CPU
		{C58B0867-E973-4489-AAE2-C2971D65B9CD}.Tests|Any CPU.ActiveCfg = Tests|Any CPU
		{C58B0867-E973-4489-AAE2-C2971D65B9CD}.Tests|Any CPU.Build.0 = Tests|Any CPU
		{B03CC778-720C-4676-A059-2202E03D81ED}.Debug|Any CPU.ActiveCfg = Debug|Any CPU
		{B03CC778-720C-4676-A059-2202E03D81ED}.Debug|Any CPU.Build.0 = Debug|Any CPU
		{B03CC778-720C-4676-A059-2202E03D81ED}.Release|Any CPU.ActiveCfg = Release|Any CPU
		{B03CC778-720C-4676-A059-2202E03D81ED}.Release|Any CPU.Build.0 = Release|Any CPU
		{B03CC778-720C-4676-A059-2202E03D81ED}.Tests|Any CPU.ActiveCfg = Tests|Any CPU
		{B03CC778-720C-4676-A059-2202E03D81ED}.Tests|Any CPU.Build.0 = Tests|Any CPU
		{EE625E4F-14AD-41DF-B2EA-5AFAAAC3C57E}.Debug|Any CPU.ActiveCfg = Debug|Any CPU
		{EE625E4F-14AD-41DF-B2EA-5AFAAAC3C57E}.Debug|Any CPU.Build.0 = Debug|Any CPU
		{EE625E4F-14AD-41DF-B2EA-5AFAAAC3C57E}.Release|Any CPU.ActiveCfg = Release|Any CPU
		{EE625E4F-14AD-41DF-B2EA-5AFAAAC3C57E}.Release|Any CPU.Build.0 = Release|Any CPU
		{EE625E4F-14AD-41DF-B2EA-5AFAAAC3C57E}.Tests|Any CPU.ActiveCfg = Tests|Any CPU
		{EE625E4F-14AD-41DF-B2EA-5AFAAAC3C57E}.Tests|Any CPU.Build.0 = Tests|Any CPU
		{5349EB6B-F8F3-428D-B222-C64FFBDC48B6}.Debug|Any CPU.ActiveCfg = Debug|Any CPU
		{5349EB6B-F8F3-428D-B222-C64FFBDC48B6}.Debug|Any CPU.Build.0 = Debug|Any CPU
		{5349EB6B-F8F3-428D-B222-C64FFBDC48B6}.Release|Any CPU.ActiveCfg = Release|Any CPU
		{5349EB6B-F8F3-428D-B222-C64FFBDC48B6}.Release|Any CPU.Build.0 = Release|Any CPU
		{5349EB6B-F8F3-428D-B222-C64FFBDC48B6}.Tests|Any CPU.ActiveCfg = Tests|Any CPU
		{5349EB6B-F8F3-428D-B222-C64FFBDC48B6}.Tests|Any CPU.Build.0 = Tests|Any CPU
		{E233E76D-63AC-40C3-8283-CE91B266DA37}.Debug|Any CPU.ActiveCfg = Debug|Any CPU
		{E233E76D-63AC-40C3-8283-CE91B266DA37}.Debug|Any CPU.Build.0 = Debug|Any CPU
		{E233E76D-63AC-40C3-8283-CE91B266DA37}.Release|Any CPU.ActiveCfg = Release|Any CPU
		{E233E76D-63AC-40C3-8283-CE91B266DA37}.Release|Any CPU.Build.0 = Release|Any CPU
		{E233E76D-63AC-40C3-8283-CE91B266DA37}.Tests|Any CPU.ActiveCfg = Tests|Any CPU
		{E233E76D-63AC-40C3-8283-CE91B266DA37}.Tests|Any CPU.Build.0 = Tests|Any CPU
		{B2121E0E-A52F-4CE8-92D4-E264273E61FD}.Debug|Any CPU.ActiveCfg = Debug|Any CPU
		{B2121E0E-A52F-4CE8-92D4-E264273E61FD}.Debug|Any CPU.Build.0 = Debug|Any CPU
		{B2121E0E-A52F-4CE8-92D4-E264273E61FD}.Release|Any CPU.ActiveCfg = Release|Any CPU
		{B2121E0E-A52F-4CE8-92D4-E264273E61FD}.Release|Any CPU.Build.0 = Release|Any CPU
		{B2121E0E-A52F-4CE8-92D4-E264273E61FD}.Tests|Any CPU.ActiveCfg = Tests|Any CPU
		{B2121E0E-A52F-4CE8-92D4-E264273E61FD}.Tests|Any CPU.Build.0 = Tests|Any CPU
		{61FEE57E-62FC-4F50-9B4A-A37E6247B712}.Debug|Any CPU.ActiveCfg = Debug|Any CPU
		{61FEE57E-62FC-4F50-9B4A-A37E6247B712}.Debug|Any CPU.Build.0 = Debug|Any CPU
		{61FEE57E-62FC-4F50-9B4A-A37E6247B712}.Release|Any CPU.ActiveCfg = Release|Any CPU
		{61FEE57E-62FC-4F50-9B4A-A37E6247B712}.Release|Any CPU.Build.0 = Release|Any CPU
		{61FEE57E-62FC-4F50-9B4A-A37E6247B712}.Tests|Any CPU.ActiveCfg = Tests|Any CPU
		{61FEE57E-62FC-4F50-9B4A-A37E6247B712}.Tests|Any CPU.Build.0 = Tests|Any CPU
		{1A79C980-5B50-4AD0-BBCE-BCAD77AD3DD4}.Debug|Any CPU.ActiveCfg = Debug|Any CPU
		{1A79C980-5B50-4AD0-BBCE-BCAD77AD3DD4}.Debug|Any CPU.Build.0 = Debug|Any CPU
		{1A79C980-5B50-4AD0-BBCE-BCAD77AD3DD4}.Release|Any CPU.ActiveCfg = Release|Any CPU
		{1A79C980-5B50-4AD0-BBCE-BCAD77AD3DD4}.Release|Any CPU.Build.0 = Release|Any CPU
		{1A79C980-5B50-4AD0-BBCE-BCAD77AD3DD4}.Tests|Any CPU.ActiveCfg = Tests|Any CPU
		{1A79C980-5B50-4AD0-BBCE-BCAD77AD3DD4}.Tests|Any CPU.Build.0 = Tests|Any CPU
		{80DC5F7B-4419-45E9-9F57-1E74892C1FE5}.Debug|Any CPU.ActiveCfg = Debug|Any CPU
		{80DC5F7B-4419-45E9-9F57-1E74892C1FE5}.Debug|Any CPU.Build.0 = Debug|Any CPU
		{80DC5F7B-4419-45E9-9F57-1E74892C1FE5}.Release|Any CPU.ActiveCfg = Release|Any CPU
		{80DC5F7B-4419-45E9-9F57-1E74892C1FE5}.Release|Any CPU.Build.0 = Release|Any CPU
		{80DC5F7B-4419-45E9-9F57-1E74892C1FE5}.Tests|Any CPU.ActiveCfg = Tests|Any CPU
		{80DC5F7B-4419-45E9-9F57-1E74892C1FE5}.Tests|Any CPU.Build.0 = Tests|Any CPU
		{FDCB58DC-D4BC-481E-958B-35ADB2219866}.Debug|Any CPU.ActiveCfg = Debug|Any CPU
		{FDCB58DC-D4BC-481E-958B-35ADB2219866}.Debug|Any CPU.Build.0 = Debug|Any CPU
		{FDCB58DC-D4BC-481E-958B-35ADB2219866}.Release|Any CPU.ActiveCfg = Release|Any CPU
		{FDCB58DC-D4BC-481E-958B-35ADB2219866}.Release|Any CPU.Build.0 = Release|Any CPU
		{FDCB58DC-D4BC-481E-958B-35ADB2219866}.Tests|Any CPU.ActiveCfg = Tests|Any CPU
		{FDCB58DC-D4BC-481E-958B-35ADB2219866}.Tests|Any CPU.Build.0 = Tests|Any CPU
		{280294F2-65B0-47B4-BD44-BC7F8B128DDC}.Debug|Any CPU.ActiveCfg = Debug|Any CPU
		{280294F2-65B0-47B4-BD44-BC7F8B128DDC}.Debug|Any CPU.Build.0 = Debug|Any CPU
		{280294F2-65B0-47B4-BD44-BC7F8B128DDC}.Release|Any CPU.ActiveCfg = Release|Any CPU
		{280294F2-65B0-47B4-BD44-BC7F8B128DDC}.Release|Any CPU.Build.0 = Release|Any CPU
		{280294F2-65B0-47B4-BD44-BC7F8B128DDC}.Tests|Any CPU.ActiveCfg = Tests|Any CPU
		{280294F2-65B0-47B4-BD44-BC7F8B128DDC}.Tests|Any CPU.Build.0 = Tests|Any CPU
		{35EABE5A-E9C6-478E-BE5E-AB46C5A8EC91}.Debug|Any CPU.ActiveCfg = Debug|Any CPU
		{35EABE5A-E9C6-478E-BE5E-AB46C5A8EC91}.Debug|Any CPU.Build.0 = Debug|Any CPU
		{35EABE5A-E9C6-478E-BE5E-AB46C5A8EC91}.Release|Any CPU.ActiveCfg = Release|Any CPU
		{35EABE5A-E9C6-478E-BE5E-AB46C5A8EC91}.Release|Any CPU.Build.0 = Release|Any CPU
		{35EABE5A-E9C6-478E-BE5E-AB46C5A8EC91}.Tests|Any CPU.ActiveCfg = Tests|Any CPU
		{35EABE5A-E9C6-478E-BE5E-AB46C5A8EC91}.Tests|Any CPU.Build.0 = Tests|Any CPU
		{401C4D7B-5212-494E-B96B-1794AC3ECF7D}.Debug|Any CPU.ActiveCfg = Debug|Any CPU
		{401C4D7B-5212-494E-B96B-1794AC3ECF7D}.Debug|Any CPU.Build.0 = Debug|Any CPU
		{401C4D7B-5212-494E-B96B-1794AC3ECF7D}.Release|Any CPU.ActiveCfg = Release|Any CPU
		{401C4D7B-5212-494E-B96B-1794AC3ECF7D}.Release|Any CPU.Build.0 = Release|Any CPU
		{401C4D7B-5212-494E-B96B-1794AC3ECF7D}.Tests|Any CPU.ActiveCfg = Tests|Any CPU
		{401C4D7B-5212-494E-B96B-1794AC3ECF7D}.Tests|Any CPU.Build.0 = Tests|Any CPU
		{34A8915D-3AEB-4172-9467-65357EBAE9BE}.Debug|Any CPU.ActiveCfg = Debug|Any CPU
		{34A8915D-3AEB-4172-9467-65357EBAE9BE}.Debug|Any CPU.Build.0 = Debug|Any CPU
		{34A8915D-3AEB-4172-9467-65357EBAE9BE}.Release|Any CPU.ActiveCfg = Release|Any CPU
		{34A8915D-3AEB-4172-9467-65357EBAE9BE}.Release|Any CPU.Build.0 = Release|Any CPU
		{34A8915D-3AEB-4172-9467-65357EBAE9BE}.Tests|Any CPU.ActiveCfg = Debug|Any CPU
		{34A8915D-3AEB-4172-9467-65357EBAE9BE}.Tests|Any CPU.Build.0 = Debug|Any CPU
		{025EED81-BC89-4AB1-9502-FCFCFF16530B}.Debug|Any CPU.ActiveCfg = Debug|Any CPU
		{025EED81-BC89-4AB1-9502-FCFCFF16530B}.Debug|Any CPU.Build.0 = Debug|Any CPU
		{025EED81-BC89-4AB1-9502-FCFCFF16530B}.Release|Any CPU.ActiveCfg = Release|Any CPU
		{025EED81-BC89-4AB1-9502-FCFCFF16530B}.Release|Any CPU.Build.0 = Release|Any CPU
		{025EED81-BC89-4AB1-9502-FCFCFF16530B}.Tests|Any CPU.ActiveCfg = Debug|Any CPU
		{025EED81-BC89-4AB1-9502-FCFCFF16530B}.Tests|Any CPU.Build.0 = Debug|Any CPU
		{D38E9727-682B-4C98-9AEC-BD12C0E7407A}.Debug|Any CPU.ActiveCfg = Debug|Any CPU
		{D38E9727-682B-4C98-9AEC-BD12C0E7407A}.Debug|Any CPU.Build.0 = Debug|Any CPU
		{D38E9727-682B-4C98-9AEC-BD12C0E7407A}.Release|Any CPU.ActiveCfg = Release|Any CPU
		{D38E9727-682B-4C98-9AEC-BD12C0E7407A}.Release|Any CPU.Build.0 = Release|Any CPU
		{D38E9727-682B-4C98-9AEC-BD12C0E7407A}.Tests|Any CPU.ActiveCfg = Debug|Any CPU
		{D38E9727-682B-4C98-9AEC-BD12C0E7407A}.Tests|Any CPU.Build.0 = Debug|Any CPU
		{45794A9F-61E3-46D6-B849-1C13248C7E54}.Debug|Any CPU.ActiveCfg = Debug|Any CPU
		{45794A9F-61E3-46D6-B849-1C13248C7E54}.Debug|Any CPU.Build.0 = Debug|Any CPU
		{45794A9F-61E3-46D6-B849-1C13248C7E54}.Release|Any CPU.ActiveCfg = Release|Any CPU
		{45794A9F-61E3-46D6-B849-1C13248C7E54}.Release|Any CPU.Build.0 = Release|Any CPU
		{45794A9F-61E3-46D6-B849-1C13248C7E54}.Tests|Any CPU.ActiveCfg = Debug|Any CPU
		{45794A9F-61E3-46D6-B849-1C13248C7E54}.Tests|Any CPU.Build.0 = Debug|Any CPU
		{C1F63AFA-1DFC-4D83-9335-978D0D84AA43}.Debug|Any CPU.ActiveCfg = Debug|Any CPU
		{C1F63AFA-1DFC-4D83-9335-978D0D84AA43}.Debug|Any CPU.Build.0 = Debug|Any CPU
		{C1F63AFA-1DFC-4D83-9335-978D0D84AA43}.Release|Any CPU.ActiveCfg = Release|Any CPU
		{C1F63AFA-1DFC-4D83-9335-978D0D84AA43}.Release|Any CPU.Build.0 = Release|Any CPU
		{C1F63AFA-1DFC-4D83-9335-978D0D84AA43}.Tests|Any CPU.ActiveCfg = Debug|Any CPU
		{C1F63AFA-1DFC-4D83-9335-978D0D84AA43}.Tests|Any CPU.Build.0 = Debug|Any CPU
		{A0A43F53-7361-44C8-8DCC-1B1AC44499C6}.Debug|Any CPU.ActiveCfg = Debug|Any CPU
		{A0A43F53-7361-44C8-8DCC-1B1AC44499C6}.Debug|Any CPU.Build.0 = Debug|Any CPU
		{A0A43F53-7361-44C8-8DCC-1B1AC44499C6}.Release|Any CPU.ActiveCfg = Release|Any CPU
		{A0A43F53-7361-44C8-8DCC-1B1AC44499C6}.Release|Any CPU.Build.0 = Release|Any CPU
		{A0A43F53-7361-44C8-8DCC-1B1AC44499C6}.Tests|Any CPU.ActiveCfg = Debug|Any CPU
		{A0A43F53-7361-44C8-8DCC-1B1AC44499C6}.Tests|Any CPU.Build.0 = Debug|Any CPU
		{20766625-4C10-4BF1-B455-9C0FD8DAF74F}.Debug|Any CPU.ActiveCfg = Debug|Any CPU
		{20766625-4C10-4BF1-B455-9C0FD8DAF74F}.Debug|Any CPU.Build.0 = Debug|Any CPU
		{20766625-4C10-4BF1-B455-9C0FD8DAF74F}.Release|Any CPU.ActiveCfg = Release|Any CPU
		{20766625-4C10-4BF1-B455-9C0FD8DAF74F}.Release|Any CPU.Build.0 = Release|Any CPU
		{20766625-4C10-4BF1-B455-9C0FD8DAF74F}.Tests|Any CPU.ActiveCfg = Debug|Any CPU
		{20766625-4C10-4BF1-B455-9C0FD8DAF74F}.Tests|Any CPU.Build.0 = Debug|Any CPU
		{ABCB1385-8EDA-4A1B-9566-81682F5E9C61}.Debug|Any CPU.ActiveCfg = Debug|Any CPU
		{ABCB1385-8EDA-4A1B-9566-81682F5E9C61}.Debug|Any CPU.Build.0 = Debug|Any CPU
		{ABCB1385-8EDA-4A1B-9566-81682F5E9C61}.Release|Any CPU.ActiveCfg = Release|Any CPU
		{ABCB1385-8EDA-4A1B-9566-81682F5E9C61}.Release|Any CPU.Build.0 = Release|Any CPU
		{ABCB1385-8EDA-4A1B-9566-81682F5E9C61}.Tests|Any CPU.ActiveCfg = Tests|Any CPU
		{ABCB1385-8EDA-4A1B-9566-81682F5E9C61}.Tests|Any CPU.Build.0 = Tests|Any CPU
	EndGlobalSection
	GlobalSection(SolutionProperties) = preSolution
		HideSolutionNode = FALSE
	EndGlobalSection
	GlobalSection(NestedProjects) = preSolution
		{1B1B8D7B-5907-47C6-82B3-E238EDCEC715} = {D9CBA4DC-80FB-4594-946A-BA50D39C55C1}
		{EC5A77F5-6BB1-4E93-A5D8-8A676E2DF829} = {D9CBA4DC-80FB-4594-946A-BA50D39C55C1}
		{7D04E1AA-5B1D-48A1-80B5-972BD1ABA54C} = {72862B1A-7605-4018-9660-BAFD454C7FC4}
		{F0856D11-53E0-4C7E-A3D4-44FE1A93D71A} = {72862B1A-7605-4018-9660-BAFD454C7FC4}
		{6BD64009-AF6A-4CFE-9B7E-5029F64050C3} = {D9CBA4DC-80FB-4594-946A-BA50D39C55C1}
		{524CEB11-5811-4052-9B84-82B7868475BF} = {6BD64009-AF6A-4CFE-9B7E-5029F64050C3}
		{D5A928ED-10F1-4D76-853B-99EFDA35AC4B} = {EC5A77F5-6BB1-4E93-A5D8-8A676E2DF829}
		{74A0A19F-6892-4367-B2E3-B1070F655A9E} = {EC5A77F5-6BB1-4E93-A5D8-8A676E2DF829}
		{DCF9BDE2-893D-460E-A6ED-9D7B3F85012A} = {1B1B8D7B-5907-47C6-82B3-E238EDCEC715}
		{5EC84FC4-6475-46C8-8B09-9511DA8FC005} = {1B1B8D7B-5907-47C6-82B3-E238EDCEC715}
		{EF3E6655-99E4-4D74-902A-5646FF63273E} = {1B1B8D7B-5907-47C6-82B3-E238EDCEC715}
		{82BDDE65-D15B-4A36-99C8-50E86CA51145} = {1B1B8D7B-5907-47C6-82B3-E238EDCEC715}
		{BF272D00-9822-476A-B9B0-F115AC3B31CD} = {DCF9BDE2-893D-460E-A6ED-9D7B3F85012A}
		{2A3F9DF2-5713-417A-BA43-C118112C6EF9} = {DCF9BDE2-893D-460E-A6ED-9D7B3F85012A}
		{500C84FD-EC7B-40FB-A28B-2BCBA4E5A826} = {5EC84FC4-6475-46C8-8B09-9511DA8FC005}
		{13E567C9-4B98-4920-A765-56D317828B3B} = {5EC84FC4-6475-46C8-8B09-9511DA8FC005}
		{8D7E7E52-0D23-4EDC-96C5-9830F9C80CC7} = {5EC84FC4-6475-46C8-8B09-9511DA8FC005}
		{FC032835-C30E-4D7D-9BAD-6F7E7BC0B964} = {1B1B8D7B-5907-47C6-82B3-E238EDCEC715}
		{3466BD46-03D9-4ACE-81DE-DC28D5650716} = {F0856D11-53E0-4C7E-A3D4-44FE1A93D71A}
		{2F29F0BB-BB1C-4FCA-A64A-0F0AAB96DFC5} = {4DFE8281-47A1-47A9-A265-FDF5688C3278}
		{BCD386F4-307A-4B5B-9BD0-A5716D261B2D} = {4DFE8281-47A1-47A9-A265-FDF5688C3278}
		{4DFE8281-47A1-47A9-A265-FDF5688C3278} = {7D04E1AA-5B1D-48A1-80B5-972BD1ABA54C}
		{9AEB6390-B4F1-48B8-9B23-E6D81B4E1ADC} = {4DFE8281-47A1-47A9-A265-FDF5688C3278}
		{314016D8-7D08-4360-99B3-63E100FEC44C} = {FC032835-C30E-4D7D-9BAD-6F7E7BC0B964}
		{EA0FD0D5-2CC0-4400-A68A-CCF9D1E7938B} = {FC032835-C30E-4D7D-9BAD-6F7E7BC0B964}
		{743359E1-CDBC-4E23-9BF8-FA1C4952191C} = {FC032835-C30E-4D7D-9BAD-6F7E7BC0B964}
		{993DCA5C-B660-48A3-952E-09734E5CA98F} = {FC032835-C30E-4D7D-9BAD-6F7E7BC0B964}
		{AE48CD74-A34A-4532-AEDD-1A748460B044} = {EC5A77F5-6BB1-4E93-A5D8-8A676E2DF829}
		{E03D40FC-9302-48B6-B414-63AC5372A0FF} = {EF3E6655-99E4-4D74-902A-5646FF63273E}
		{04017741-45CA-4F66-BA0D-D5C07ED10B02} = {EF3E6655-99E4-4D74-902A-5646FF63273E}
		{C06C2C4E-1D50-48DE-9DCE-F485D9253811} = {EF3E6655-99E4-4D74-902A-5646FF63273E}
		{6252A044-26EC-4C27-9249-F3B8EE91E748} = {EF3E6655-99E4-4D74-902A-5646FF63273E}
		{C3E6BFA5-15C9-43E0-A98F-E49200FB7BE7} = {7D04E1AA-5B1D-48A1-80B5-972BD1ABA54C}
		{E629B207-051E-425D-BE3B-686B3477852D} = {C3E6BFA5-15C9-43E0-A98F-E49200FB7BE7}
		{BD5AE28B-2E97-403A-A67F-9DE1D53517C3} = {C3E6BFA5-15C9-43E0-A98F-E49200FB7BE7}
		{A2E1BC89-0E2F-4D0A-A4F3-96E5B681852D} = {C3E6BFA5-15C9-43E0-A98F-E49200FB7BE7}
		{E129FC94-3B27-47AA-A301-F3351A6075CE} = {5EC84FC4-6475-46C8-8B09-9511DA8FC005}
		{5F1D6864-E7C5-462F-A832-16B8F0169185} = {7D04E1AA-5B1D-48A1-80B5-972BD1ABA54C}
		{35F0D0FE-79E4-45F0-B375-17A4FB8EF970} = {F0856D11-53E0-4C7E-A3D4-44FE1A93D71A}
		{856AFDBE-BB85-4163-8A12-74F4A8D2DD82} = {DCF9BDE2-893D-460E-A6ED-9D7B3F85012A}
		{F4685C03-36AB-4C48-8FFE-AD0A3097B5E9} = {DCF9BDE2-893D-460E-A6ED-9D7B3F85012A}
		{0A839A10-DE7B-4D77-B301-9F10BB1EB578} = {1B1B8D7B-5907-47C6-82B3-E238EDCEC715}
		{5381FD9D-51FA-476E-A5C6-2C994EFC1120} = {7D04E1AA-5B1D-48A1-80B5-972BD1ABA54C}
		{C58B0867-E973-4489-AAE2-C2971D65B9CD} = {5381FD9D-51FA-476E-A5C6-2C994EFC1120}
		{B03CC778-720C-4676-A059-2202E03D81ED} = {82BDDE65-D15B-4A36-99C8-50E86CA51145}
		{EE625E4F-14AD-41DF-B2EA-5AFAAAC3C57E} = {82BDDE65-D15B-4A36-99C8-50E86CA51145}
		{5349EB6B-F8F3-428D-B222-C64FFBDC48B6} = {82BDDE65-D15B-4A36-99C8-50E86CA51145}
		{E233E76D-63AC-40C3-8283-CE91B266DA37} = {82BDDE65-D15B-4A36-99C8-50E86CA51145}
		{D9FD10F1-2AEE-40BF-A8B7-C05F40B6D7CB} = {7D04E1AA-5B1D-48A1-80B5-972BD1ABA54C}
		{B2121E0E-A52F-4CE8-92D4-E264273E61FD} = {D9FD10F1-2AEE-40BF-A8B7-C05F40B6D7CB}
		{61FEE57E-62FC-4F50-9B4A-A37E6247B712} = {5F1D6864-E7C5-462F-A832-16B8F0169185}
		{51AAD020-7A5A-41FA-8FDC-3779F27EEAF4} = {7D04E1AA-5B1D-48A1-80B5-972BD1ABA54C}
		{1A79C980-5B50-4AD0-BBCE-BCAD77AD3DD4} = {51AAD020-7A5A-41FA-8FDC-3779F27EEAF4}
		{80DC5F7B-4419-45E9-9F57-1E74892C1FE5} = {FC032835-C30E-4D7D-9BAD-6F7E7BC0B964}
		{FDCB58DC-D4BC-481E-958B-35ADB2219866} = {5F1D6864-E7C5-462F-A832-16B8F0169185}
		{280294F2-65B0-47B4-BD44-BC7F8B128DDC} = {5F1D6864-E7C5-462F-A832-16B8F0169185}
		{35EABE5A-E9C6-478E-BE5E-AB46C5A8EC91} = {D9FD10F1-2AEE-40BF-A8B7-C05F40B6D7CB}
		{401C4D7B-5212-494E-B96B-1794AC3ECF7D} = {0A839A10-DE7B-4D77-B301-9F10BB1EB578}
		{34A8915D-3AEB-4172-9467-65357EBAE9BE} = {6BD64009-AF6A-4CFE-9B7E-5029F64050C3}
		{E81DAAAE-6564-4B29-AF0F-1C326D50B513} = {72862B1A-7605-4018-9660-BAFD454C7FC4}
		{025EED81-BC89-4AB1-9502-FCFCFF16530B} = {E81DAAAE-6564-4B29-AF0F-1C326D50B513}
		{D38E9727-682B-4C98-9AEC-BD12C0E7407A} = {5381FD9D-51FA-476E-A5C6-2C994EFC1120}
		{45794A9F-61E3-46D6-B849-1C13248C7E54} = {7D04E1AA-5B1D-48A1-80B5-972BD1ABA54C}
		{C1F63AFA-1DFC-4D83-9335-978D0D84AA43} = {EC5A77F5-6BB1-4E93-A5D8-8A676E2DF829}
		{A0A43F53-7361-44C8-8DCC-1B1AC44499C6} = {51AAD020-7A5A-41FA-8FDC-3779F27EEAF4}
		{20766625-4C10-4BF1-B455-9C0FD8DAF74F} = {6BD64009-AF6A-4CFE-9B7E-5029F64050C3}
		{ABCB1385-8EDA-4A1B-9566-81682F5E9C61} = {EC5A77F5-6BB1-4E93-A5D8-8A676E2DF829}
	EndGlobalSection
	GlobalSection(ExtensibilityGlobals) = postSolution
		SolutionGuid = {C605F8EC-8EEE-4465-89C1-A9170BAC849D}
	EndGlobalSection
EndGlobal
